<?xml version="1.0" encoding="utf-8"?>
<Project ToolsVersion="4.0" xmlns="http://schemas.microsoft.com/developer/msbuild/2003">
  <ItemGroup>
    <Filter Include="Dependencies">
      <UniqueIdentifier>{99cdc97e-fa6f-4c05-adc6-295dd9290521}</UniqueIdentifier>
    </Filter>
    <Filter Include="Source">
      <UniqueIdentifier>{b77c1430-9c07-4443-9b3d-632aba26fae4}</UniqueIdentifier>
    </Filter>
    <Filter Include="Source\Windows">
      <UniqueIdentifier>{651b13de-feaf-48c3-983b-e2d1c76b6b66}</UniqueIdentifier>
    </Filter>
    <Filter Include="Dependencies\imgui">
      <UniqueIdentifier>{ea214b9e-9451-4abb-ab5b-15dacfc5cb68}</UniqueIdentifier>
    </Filter>
    <Filter Include="Dependencies\imgui\backends">
      <UniqueIdentifier>{8269c124-1ed9-4f08-a994-2e048dba8d0d}</UniqueIdentifier>
    </Filter>
  </ItemGroup>
  <ItemGroup>
    <ClCompile Include="..\..\Source\Windows\main.cpp">
      <Filter>Source\Windows</Filter>
    </ClCompile>
    <ClCompile Include="..\..\Source\Dependencies\imgui\backends\imgui_impl_opengl3.cpp">
      <Filter>Dependencies\imgui\backends</Filter>
    </ClCompile>
    <ClCompile Include="..\..\Source\Dependencies\imgui\backends\imgui_impl_sdl3.cpp">
      <Filter>Dependencies\imgui\backends</Filter>
    </ClCompile>
    <ClCompile Include="..\..\Source\Dependencies\imgui\imgui_draw.cpp">
      <Filter>Dependencies\imgui</Filter>
    </ClCompile>
    <ClCompile Include="..\..\Source\Dependencies\imgui\imgui_tables.cpp">
      <Filter>Dependencies\imgui</Filter>
    </ClCompile>
    <ClCompile Include="..\..\Source\Dependencies\imgui\imgui_widgets.cpp">
      <Filter>Dependencies\imgui</Filter>
    </ClCompile>
    <ClCompile Include="..\..\Source\Dependencies\imgui\imgui.cpp">
      <Filter>Dependencies\imgui</Filter>
    </ClCompile>
    <ClCompile Include="..\..\Source\Dependencies\imgui\imgui_demo.cpp">
      <Filter>Dependencies\imgui</Filter>
    </ClCompile>
  </ItemGroup>
  <ItemGroup>
    <ClInclude Include="..\..\Source\Dependencies\imgui\backends\imgui_impl_opengl3.h">
      <Filter>Dependencies\imgui\backends</Filter>
    </ClInclude>
    <ClInclude Include="..\..\Source\Dependencies\imgui\backends\imgui_impl_sdl3.h">
      <Filter>Dependencies\imgui\backends</Filter>
    </ClInclude>
    <ClInclude Include="..\..\Source\Dependencies\imgui\imgui_internal.h">
      <Filter>Dependencies\imgui</Filter>
    </ClInclude>
    <ClInclude Include="..\..\Source\Dependencies\imgui\imstb_rectpack.h">
      <Filter>Dependencies\imgui</Filter>
    </ClInclude>
    <ClInclude Include="..\..\Source\Dependencies\imgui\imstb_textedit.h">
      <Filter>Dependencies\imgui</Filter>
    </ClInclude>
    <ClInclude Include="..\..\Source\Dependencies\imgui\imstb_truetype.h">
      <Filter>Dependencies\imgui</Filter>
    </ClInclude>
    <ClInclude Include="..\..\Source\Dependencies\imgui\imconfig.h">
      <Filter>Dependencies\imgui</Filter>
    </ClInclude>
    <ClInclude Include="..\..\Source\Dependencies\imgui\imgui.h">
      <Filter>Dependencies\imgui</Filter>
    </ClInclude>
  </ItemGroup>
  <ItemGroup>
    <Text Include="..\..\Source\todo.txt" />
  </ItemGroup>
  <ItemGroup>
    <None Include="..\..\Source\.clang-format" />
  </ItemGroup>
</Project>